
Microsoft Visual Studio Solution File, Format Version 12.00
# Visual Studio 14
VisualStudioVersion = 14.0.25420.1
MinimumVisualStudioVersion = 10.0.40219.1
Project("{FAE04EC0-301F-11D3-BF4B-00C04F79EFBC}") = "QuantoAssistiAnime", "QuantoAssistiAnime\QuantoAssistiAnime\QuantoAssistiAnime.csproj", "{D9DEF0CE-5AC9-49D5-A05C-FA23EB86CEEA}"
EndProject
Project("{FAE04EC0-301F-11D3-BF4B-00C04F79EFBC}") = "QuantoAssistiAnime.Droid", "QuantoAssistiAnime\QuantoAssistiAnime.Droid\QuantoAssistiAnime.Droid.csproj", "{A5AD8014-B7C2-4852-8700-45BD228D629C}"
EndProject
Project("{FAE04EC0-301F-11D3-BF4B-00C04F79EFBC}") = "QuantoAssistiAnime.iOS", "QuantoAssistiAnime\QuantoAssistiAnime.iOS\QuantoAssistiAnime.iOS.csproj", "{AADD775D-49F4-4C26-B542-04CF24AD06DD}"
EndProject
Global
	GlobalSection(SolutionConfigurationPlatforms) = preSolution
		Ad-Hoc|Any CPU = Ad-Hoc|Any CPU
		Ad-Hoc|ARM = Ad-Hoc|ARM
		Ad-Hoc|iPhone = Ad-Hoc|iPhone
		Ad-Hoc|iPhoneSimulator = Ad-Hoc|iPhoneSimulator
		Ad-Hoc|x64 = Ad-Hoc|x64
		Ad-Hoc|x86 = Ad-Hoc|x86
		AppStore|Any CPU = AppStore|Any CPU
		AppStore|ARM = AppStore|ARM
		AppStore|iPhone = AppStore|iPhone
		AppStore|iPhoneSimulator = AppStore|iPhoneSimulator
		AppStore|x64 = AppStore|x64
		AppStore|x86 = AppStore|x86
		Debug|Any CPU = Debug|Any CPU
		Debug|ARM = Debug|ARM
		Debug|iPhone = Debug|iPhone
		Debug|iPhoneSimulator = Debug|iPhoneSimulator
		Debug|x64 = Debug|x64
		Debug|x86 = Debug|x86
		Release|Any CPU = Release|Any CPU
		Release|ARM = Release|ARM
		Release|iPhone = Release|iPhone
		Release|iPhoneSimulator = Release|iPhoneSimulator
		Release|x64 = Release|x64
		Release|x86 = Release|x86
	EndGlobalSection
	GlobalSection(ProjectConfigurationPlatforms) = postSolution
		{D9DEF0CE-5AC9-49D5-A05C-FA23EB86CEEA}.Ad-Hoc|Any CPU.ActiveCfg = Release|Any CPU
		{D9DEF0CE-5AC9-49D5-A05C-FA23EB86CEEA}.Ad-Hoc|Any CPU.Build.0 = Release|Any CPU
		{D9DEF0CE-5AC9-49D5-A05C-FA23EB86CEEA}.Ad-Hoc|ARM.ActiveCfg = Release|Any CPU
		{D9DEF0CE-5AC9-49D5-A05C-FA23EB86CEEA}.Ad-Hoc|ARM.Build.0 = Release|Any CPU
		{D9DEF0CE-5AC9-49D5-A05C-FA23EB86CEEA}.Ad-Hoc|iPhone.ActiveCfg = Release|Any CPU
		{D9DEF0CE-5AC9-49D5-A05C-FA23EB86CEEA}.Ad-Hoc|iPhone.Build.0 = Release|Any CPU
		{D9DEF0CE-5AC9-49D5-A05C-FA23EB86CEEA}.Ad-Hoc|iPhoneSimulator.ActiveCfg = Release|Any CPU
		{D9DEF0CE-5AC9-49D5-A05C-FA23EB86CEEA}.Ad-Hoc|iPhoneSimulator.Build.0 = Release|Any CPU
		{D9DEF0CE-5AC9-49D5-A05C-FA23EB86CEEA}.Ad-Hoc|x64.ActiveCfg = Release|Any CPU
		{D9DEF0CE-5AC9-49D5-A05C-FA23EB86CEEA}.Ad-Hoc|x64.Build.0 = Release|Any CPU
		{D9DEF0CE-5AC9-49D5-A05C-FA23EB86CEEA}.Ad-Hoc|x86.ActiveCfg = Release|Any CPU
		{D9DEF0CE-5AC9-49D5-A05C-FA23EB86CEEA}.Ad-Hoc|x86.Build.0 = Release|Any CPU
		{D9DEF0CE-5AC9-49D5-A05C-FA23EB86CEEA}.AppStore|Any CPU.ActiveCfg = Release|Any CPU
		{D9DEF0CE-5AC9-49D5-A05C-FA23EB86CEEA}.AppStore|Any CPU.Build.0 = Release|Any CPU
		{D9DEF0CE-5AC9-49D5-A05C-FA23EB86CEEA}.AppStore|ARM.ActiveCfg = Release|Any CPU
		{D9DEF0CE-5AC9-49D5-A05C-FA23EB86CEEA}.AppStore|ARM.Build.0 = Release|Any CPU
		{D9DEF0CE-5AC9-49D5-A05C-FA23EB86CEEA}.AppStore|iPhone.ActiveCfg = Release|Any CPU
		{D9DEF0CE-5AC9-49D5-A05C-FA23EB86CEEA}.AppStore|iPhone.Build.0 = Release|Any CPU
		{D9DEF0CE-5AC9-49D5-A05C-FA23EB86CEEA}.AppStore|iPhoneSimulator.ActiveCfg = Release|Any CPU
		{D9DEF0CE-5AC9-49D5-A05C-FA23EB86CEEA}.AppStore|iPhoneSimulator.Build.0 = Release|Any CPU
		{D9DEF0CE-5AC9-49D5-A05C-FA23EB86CEEA}.AppStore|x64.ActiveCfg = Release|Any CPU
		{D9DEF0CE-5AC9-49D5-A05C-FA23EB86CEEA}.AppStore|x64.Build.0 = Release|Any CPU
		{D9DEF0CE-5AC9-49D5-A05C-FA23EB86CEEA}.AppStore|x86.ActiveCfg = Release|Any CPU
		{D9DEF0CE-5AC9-49D5-A05C-FA23EB86CEEA}.AppStore|x86.Build.0 = Release|Any CPU
		{D9DEF0CE-5AC9-49D5-A05C-FA23EB86CEEA}.Debug|Any CPU.ActiveCfg = Debug|Any CPU
		{D9DEF0CE-5AC9-49D5-A05C-FA23EB86CEEA}.Debug|Any CPU.Build.0 = Debug|Any CPU
		{D9DEF0CE-5AC9-49D5-A05C-FA23EB86CEEA}.Debug|ARM.ActiveCfg = Debug|Any CPU
		{D9DEF0CE-5AC9-49D5-A05C-FA23EB86CEEA}.Debug|ARM.Build.0 = Debug|Any CPU
		{D9DEF0CE-5AC9-49D5-A05C-FA23EB86CEEA}.Debug|iPhone.ActiveCfg = Debug|Any CPU
		{D9DEF0CE-5AC9-49D5-A05C-FA23EB86CEEA}.Debug|iPhone.Build.0 = Debug|Any CPU
		{D9DEF0CE-5AC9-49D5-A05C-FA23EB86CEEA}.Debug|iPhoneSimulator.ActiveCfg = Debug|Any CPU
		{D9DEF0CE-5AC9-49D5-A05C-FA23EB86CEEA}.Debug|iPhoneSimulator.Build.0 = Debug|Any CPU
		{D9DEF0CE-5AC9-49D5-A05C-FA23EB86CEEA}.Debug|x64.ActiveCfg = Debug|Any CPU
		{D9DEF0CE-5AC9-49D5-A05C-FA23EB86CEEA}.Debug|x64.Build.0 = Debug|Any CPU
		{D9DEF0CE-5AC9-49D5-A05C-FA23EB86CEEA}.Debug|x86.ActiveCfg = Debug|Any CPU
		{D9DEF0CE-5AC9-49D5-A05C-FA23EB86CEEA}.Debug|x86.Build.0 = Debug|Any CPU
		{D9DEF0CE-5AC9-49D5-A05C-FA23EB86CEEA}.Release|Any CPU.ActiveCfg = Release|Any CPU
		{D9DEF0CE-5AC9-49D5-A05C-FA23EB86CEEA}.Release|Any CPU.Build.0 = Release|Any CPU
		{D9DEF0CE-5AC9-49D5-A05C-FA23EB86CEEA}.Release|ARM.ActiveCfg = Release|Any CPU
		{D9DEF0CE-5AC9-49D5-A05C-FA23EB86CEEA}.Release|ARM.Build.0 = Release|Any CPU
		{D9DEF0CE-5AC9-49D5-A05C-FA23EB86CEEA}.Release|iPhone.ActiveCfg = Release|Any CPU
		{D9DEF0CE-5AC9-49D5-A05C-FA23EB86CEEA}.Release|iPhone.Build.0 = Release|Any CPU
		{D9DEF0CE-5AC9-49D5-A05C-FA23EB86CEEA}.Release|iPhoneSimulator.ActiveCfg = Release|Any CPU
		{D9DEF0CE-5AC9-49D5-A05C-FA23EB86CEEA}.Release|iPhoneSimulator.Build.0 = Release|Any CPU
		{D9DEF0CE-5AC9-49D5-A05C-FA23EB86CEEA}.Release|x64.ActiveCfg = Release|Any CPU
		{D9DEF0CE-5AC9-49D5-A05C-FA23EB86CEEA}.Release|x64.Build.0 = Release|Any CPU
		{D9DEF0CE-5AC9-49D5-A05C-FA23EB86CEEA}.Release|x86.ActiveCfg = Release|Any CPU
		{D9DEF0CE-5AC9-49D5-A05C-FA23EB86CEEA}.Release|x86.Build.0 = Release|Any CPU
		{A5AD8014-B7C2-4852-8700-45BD228D629C}.Ad-Hoc|Any CPU.ActiveCfg = Release|Any CPU
		{A5AD8014-B7C2-4852-8700-45BD228D629C}.Ad-Hoc|Any CPU.Build.0 = Release|Any CPU
		{A5AD8014-B7C2-4852-8700-45BD228D629C}.Ad-Hoc|Any CPU.Deploy.0 = Release|Any CPU
		{A5AD8014-B7C2-4852-8700-45BD228D629C}.Ad-Hoc|ARM.ActiveCfg = Release|Any CPU
		{A5AD8014-B7C2-4852-8700-45BD228D629C}.Ad-Hoc|ARM.Build.0 = Release|Any CPU
		{A5AD8014-B7C2-4852-8700-45BD228D629C}.Ad-Hoc|ARM.Deploy.0 = Release|Any CPU
		{A5AD8014-B7C2-4852-8700-45BD228D629C}.Ad-Hoc|iPhone.ActiveCfg = Release|Any CPU
		{A5AD8014-B7C2-4852-8700-45BD228D629C}.Ad-Hoc|iPhone.Build.0 = Release|Any CPU
		{A5AD8014-B7C2-4852-8700-45BD228D629C}.Ad-Hoc|iPhone.Deploy.0 = Release|Any CPU
		{A5AD8014-B7C2-4852-8700-45BD228D629C}.Ad-Hoc|iPhoneSimulator.ActiveCfg = Release|Any CPU
		{A5AD8014-B7C2-4852-8700-45BD228D629C}.Ad-Hoc|iPhoneSimulator.Build.0 = Release|Any CPU
		{A5AD8014-B7C2-4852-8700-45BD228D629C}.Ad-Hoc|iPhoneSimulator.Deploy.0 = Release|Any CPU
		{A5AD8014-B7C2-4852-8700-45BD228D629C}.Ad-Hoc|x64.ActiveCfg = Release|Any CPU
		{A5AD8014-B7C2-4852-8700-45BD228D629C}.Ad-Hoc|x64.Build.0 = Release|Any CPU
		{A5AD8014-B7C2-4852-8700-45BD228D629C}.Ad-Hoc|x64.Deploy.0 = Release|Any CPU
		{A5AD8014-B7C2-4852-8700-45BD228D629C}.Ad-Hoc|x86.ActiveCfg = Release|Any CPU
		{A5AD8014-B7C2-4852-8700-45BD228D629C}.Ad-Hoc|x86.Build.0 = Release|Any CPU
		{A5AD8014-B7C2-4852-8700-45BD228D629C}.Ad-Hoc|x86.Deploy.0 = Release|Any CPU
		{A5AD8014-B7C2-4852-8700-45BD228D629C}.AppStore|Any CPU.ActiveCfg = Release|Any CPU
		{A5AD8014-B7C2-4852-8700-45BD228D629C}.AppStore|Any CPU.Build.0 = Release|Any CPU
		{A5AD8014-B7C2-4852-8700-45BD228D629C}.AppStore|Any CPU.Deploy.0 = Release|Any CPU
		{A5AD8014-B7C2-4852-8700-45BD228D629C}.AppStore|ARM.ActiveCfg = Release|Any CPU
		{A5AD8014-B7C2-4852-8700-45BD228D629C}.AppStore|ARM.Build.0 = Release|Any CPU
		{A5AD8014-B7C2-4852-8700-45BD228D629C}.AppStore|ARM.Deploy.0 = Release|Any CPU
		{A5AD8014-B7C2-4852-8700-45BD228D629C}.AppStore|iPhone.ActiveCfg = Release|Any CPU
		{A5AD8014-B7C2-4852-8700-45BD228D629C}.AppStore|iPhone.Build.0 = Release|Any CPU
		{A5AD8014-B7C2-4852-8700-45BD228D629C}.AppStore|iPhone.Deploy.0 = Release|Any CPU
		{A5AD8014-B7C2-4852-8700-45BD228D629C}.AppStore|iPhoneSimulator.ActiveCfg = Release|Any CPU
		{A5AD8014-B7C2-4852-8700-45BD228D629C}.AppStore|iPhoneSimulator.Build.0 = Release|Any CPU
		{A5AD8014-B7C2-4852-8700-45BD228D629C}.AppStore|iPhoneSimulator.Deploy.0 = Release|Any CPU
		{A5AD8014-B7C2-4852-8700-45BD228D629C}.AppStore|x64.ActiveCfg = Release|Any CPU
		{A5AD8014-B7C2-4852-8700-45BD228D629C}.AppStore|x64.Build.0 = Release|Any CPU
		{A5AD8014-B7C2-4852-8700-45BD228D629C}.AppStore|x64.Deploy.0 = Release|Any CPU
		{A5AD8014-B7C2-4852-8700-45BD228D629C}.AppStore|x86.ActiveCfg = Release|Any CPU
		{A5AD8014-B7C2-4852-8700-45BD228D629C}.AppStore|x86.Build.0 = Release|Any CPU
		{A5AD8014-B7C2-4852-8700-45BD228D629C}.AppStore|x86.Deploy.0 = Release|Any CPU
		{A5AD8014-B7C2-4852-8700-45BD228D629C}.Debug|Any CPU.ActiveCfg = Debug|Any CPU
		{A5AD8014-B7C2-4852-8700-45BD228D629C}.Debug|Any CPU.Build.0 = Debug|Any CPU
		{A5AD8014-B7C2-4852-8700-45BD228D629C}.Debug|Any CPU.Deploy.0 = Debug|Any CPU
		{A5AD8014-B7C2-4852-8700-45BD228D629C}.Debug|ARM.ActiveCfg = Debug|Any CPU
		{A5AD8014-B7C2-4852-8700-45BD228D629C}.Debug|ARM.Build.0 = Debug|Any CPU
		{A5AD8014-B7C2-4852-8700-45BD228D629C}.Debug|ARM.Deploy.0 = Debug|Any CPU
		{A5AD8014-B7C2-4852-8700-45BD228D629C}.Debug|iPhone.ActiveCfg = Debug|Any CPU
		{A5AD8014-B7C2-4852-8700-45BD228D629C}.Debug|iPhone.Build.0 = Debug|Any CPU
		{A5AD8014-B7C2-4852-8700-45BD228D629C}.Debug|iPhone.Deploy.0 = Debug|Any CPU
		{A5AD8014-B7C2-4852-8700-45BD228D629C}.Debug|iPhoneSimulator.ActiveCfg = Debug|Any CPU
		{A5AD8014-B7C2-4852-8700-45BD228D629C}.Debug|iPhoneSimulator.Build.0 = Debug|Any CPU
		{A5AD8014-B7C2-4852-8700-45BD228D629C}.Debug|iPhoneSimulator.Deploy.0 = Debug|Any CPU
		{A5AD8014-B7C2-4852-8700-45BD228D629C}.Debug|x64.ActiveCfg = Debug|Any CPU
		{A5AD8014-B7C2-4852-8700-45BD228D629C}.Debug|x64.Build.0 = Debug|Any CPU
		{A5AD8014-B7C2-4852-8700-45BD228D629C}.Debug|x64.Deploy.0 = Debug|Any CPU
		{A5AD8014-B7C2-4852-8700-45BD228D629C}.Debug|x86.ActiveCfg = Debug|Any CPU
		{A5AD8014-B7C2-4852-8700-45BD228D629C}.Debug|x86.Build.0 = Debug|Any CPU
		{A5AD8014-B7C2-4852-8700-45BD228D629C}.Debug|x86.Deploy.0 = Debug|Any CPU
		{A5AD8014-B7C2-4852-8700-45BD228D629C}.Release|Any CPU.ActiveCfg = Release|Any CPU
		{A5AD8014-B7C2-4852-8700-45BD228D629C}.Release|Any CPU.Build.0 = Release|Any CPU
		{A5AD8014-B7C2-4852-8700-45BD228D629C}.Release|Any CPU.Deploy.0 = Release|Any CPU
		{A5AD8014-B7C2-4852-8700-45BD228D629C}.Release|ARM.ActiveCfg = Release|Any CPU
		{A5AD8014-B7C2-4852-8700-45BD228D629C}.Release|ARM.Build.0 = Release|Any CPU
		{A5AD8014-B7C2-4852-8700-45BD228D629C}.Release|ARM.Deploy.0 = Release|Any CPU
		{A5AD8014-B7C2-4852-8700-45BD228D629C}.Release|iPhone.ActiveCfg = Release|Any CPU
		{A5AD8014-B7C2-4852-8700-45BD228D629C}.Release|iPhone.Build.0 = Release|Any CPU
		{A5AD8014-B7C2-4852-8700-45BD228D629C}.Release|iPhone.Deploy.0 = Release|Any CPU
		{A5AD8014-B7C2-4852-8700-45BD228D629C}.Release|iPhoneSimulator.ActiveCfg = Release|Any CPU
		{A5AD8014-B7C2-4852-8700-45BD228D629C}.Release|iPhoneSimulator.Build.0 = Release|Any CPU
		{A5AD8014-B7C2-4852-8700-45BD228D629C}.Release|iPhoneSimulator.Deploy.0 = Release|Any CPU
		{A5AD8014-B7C2-4852-8700-45BD228D629C}.Release|x64.ActiveCfg = Release|Any CPU
		{A5AD8014-B7C2-4852-8700-45BD228D629C}.Release|x64.Build.0 = Release|Any CPU
		{A5AD8014-B7C2-4852-8700-45BD228D629C}.Release|x64.Deploy.0 = Release|Any CPU
		{A5AD8014-B7C2-4852-8700-45BD228D629C}.Release|x86.ActiveCfg = Release|Any CPU
		{A5AD8014-B7C2-4852-8700-45BD228D629C}.Release|x86.Build.0 = Release|Any CPU
		{A5AD8014-B7C2-4852-8700-45BD228D629C}.Release|x86.Deploy.0 = Release|Any CPU
		{AADD775D-49F4-4C26-B542-04CF24AD06DD}.Ad-Hoc|Any CPU.ActiveCfg = Ad-Hoc|iPhone
		{AADD775D-49F4-4C26-B542-04CF24AD06DD}.Ad-Hoc|ARM.ActiveCfg = Ad-Hoc|iPhone
		{AADD775D-49F4-4C26-B542-04CF24AD06DD}.Ad-Hoc|iPhone.ActiveCfg = Ad-Hoc|iPhone
		{AADD775D-49F4-4C26-B542-04CF24AD06DD}.Ad-Hoc|iPhone.Build.0 = Ad-Hoc|iPhone
		{AADD775D-49F4-4C26-B542-04CF24AD06DD}.Ad-Hoc|iPhoneSimulator.ActiveCfg = Ad-Hoc|iPhoneSimulator
		{AADD775D-49F4-4C26-B542-04CF24AD06DD}.Ad-Hoc|iPhoneSimulator.Build.0 = Ad-Hoc|iPhoneSimulator
		{AADD775D-49F4-4C26-B542-04CF24AD06DD}.Ad-Hoc|x64.ActiveCfg = Ad-Hoc|iPhone
		{AADD775D-49F4-4C26-B542-04CF24AD06DD}.Ad-Hoc|x86.ActiveCfg = Ad-Hoc|iPhone
		{AADD775D-49F4-4C26-B542-04CF24AD06DD}.AppStore|Any CPU.ActiveCfg = AppStore|iPhone
		{AADD775D-49F4-4C26-B542-04CF24AD06DD}.AppStore|ARM.ActiveCfg = AppStore|iPhone
		{AADD775D-49F4-4C26-B542-04CF24AD06DD}.AppStore|iPhone.ActiveCfg = AppStore|iPhone
		{AADD775D-49F4-4C26-B542-04CF24AD06DD}.AppStore|iPhone.Build.0 = AppStore|iPhone
		{AADD775D-49F4-4C26-B542-04CF24AD06DD}.AppStore|iPhoneSimulator.ActiveCfg = AppStore|iPhoneSimulator
		{AADD775D-49F4-4C26-B542-04CF24AD06DD}.AppStore|iPhoneSimulator.Build.0 = AppStore|iPhoneSimulator
		{AADD775D-49F4-4C26-B542-04CF24AD06DD}.AppStore|x64.ActiveCfg = AppStore|iPhone
		{AADD775D-49F4-4C26-B542-04CF24AD06DD}.AppStore|x86.ActiveCfg = AppStore|iPhone
		{AADD775D-49F4-4C26-B542-04CF24AD06DD}.Debug|Any CPU.ActiveCfg = Debug|iPhone
		{AADD775D-49F4-4C26-B542-04CF24AD06DD}.Debug|ARM.ActiveCfg = Debug|iPhone
		{AADD775D-49F4-4C26-B542-04CF24AD06DD}.Debug|iPhone.ActiveCfg = Debug|iPhone
		{AADD775D-49F4-4C26-B542-04CF24AD06DD}.Debug|iPhone.Build.0 = Debug|iPhone
		{AADD775D-49F4-4C26-B542-04CF24AD06DD}.Debug|iPhoneSimulator.ActiveCfg = Debug|iPhoneSimulator
		{AADD775D-49F4-4C26-B542-04CF24AD06DD}.Debug|iPhoneSimulator.Build.0 = Debug|iPhoneSimulator
		{AADD775D-49F4-4C26-B542-04CF24AD06DD}.Debug|x64.ActiveCfg = Debug|iPhone
		{AADD775D-49F4-4C26-B542-04CF24AD06DD}.Debug|x86.ActiveCfg = Debug|iPhone
		{AADD775D-49F4-4C26-B542-04CF24AD06DD}.Release|Any CPU.ActiveCfg = Release|iPhone
		{AADD775D-49F4-4C26-B542-04CF24AD06DD}.Release|ARM.ActiveCfg = Release|iPhone
		{AADD775D-49F4-4C26-B542-04CF24AD06DD}.Release|iPhone.ActiveCfg = Release|iPhone
		{AADD775D-49F4-4C26-B542-04CF24AD06DD}.Release|iPhone.Build.0 = Release|iPhone
		{AADD775D-49F4-4C26-B542-04CF24AD06DD}.Release|iPhoneSimulator.ActiveCfg = Release|iPhoneSimulator
		{AADD775D-49F4-4C26-B542-04CF24AD06DD}.Release|iPhoneSimulator.Build.0 = Release|iPhoneSimulator
		{AADD775D-49F4-4C26-B542-04CF24AD06DD}.Release|x64.ActiveCfg = Release|iPhone
		{AADD775D-49F4-4C26-B542-04CF24AD06DD}.Release|x86.ActiveCfg = Release|iPhone
	EndGlobalSection
	GlobalSection(SolutionProperties) = preSolution
		HideSolutionNode = FALSE
	EndGlobalSection
EndGlobal
